
Microsoft Visual Studio Solution File, Format Version 12.00
# Visual Studio Version 17
VisualStudioVersion = 17.0.31903.59
MinimumVisualStudioVersion = 10.0.40219.1
Project("{2150E333-8FDC-42A3-9474-1A3956D46DE8}") = "src", "src", "{827E0CD3-B72D-47B6-A68D-7590B98EB39B}"
EndProject
Project("{FAE04EC0-301F-11D3-BF4B-00C04F79EFBC}") = "DeepWiki.Data.Postgres", "src\DeepWiki.Data.Postgres\DeepWiki.Data.Postgres.csproj", "{11B402F3-22A1-41CF-9C49-C6E6CF892960}"
EndProject
Project("{FAE04EC0-301F-11D3-BF4B-00C04F79EFBC}") = "DeepWiki.Data", "src\DeepWiki.Data\DeepWiki.Data.csproj", "{907AF0AF-F1B7-4DBE-8D86-B3061E576887}"
EndProject
Project("{FAE04EC0-301F-11D3-BF4B-00C04F79EFBC}") = "DeepWiki.Data.Abstractions", "src\DeepWiki.Data.Abstractions\DeepWiki.Data.Abstractions.csproj", "{E165B03F-26C7-4408-9F1C-9D4248CE13AC}"
EndProject
Project("{FAE04EC0-301F-11D3-BF4B-00C04F79EFBC}") = "DeepWiki.Rag.Core", "src\DeepWiki.Rag.Core\DeepWiki.Rag.Core.csproj", "{FABAED25-0B7E-4BD6-B9F0-B28710C557F1}"
EndProject
Project("{FAE04EC0-301F-11D3-BF4B-00C04F79EFBC}") = "deepwiki-open-dotnet.ApiService", "src\deepwiki-open-dotnet.ApiService\deepwiki-open-dotnet.ApiService.csproj", "{37469660-FDE9-4D05-A81B-148197038356}"
EndProject
Project("{FAE04EC0-301F-11D3-BF4B-00C04F79EFBC}") = "deepwiki-open-dotnet.ServiceDefaults", "src\deepwiki-open-dotnet.ServiceDefaults\deepwiki-open-dotnet.ServiceDefaults.csproj", "{767E4323-DB68-4343-9F0C-407BAFDD7B8C}"
EndProject
Project("{FAE04EC0-301F-11D3-BF4B-00C04F79EFBC}") = "DeepWiki.Data.SqlServer", "src\DeepWiki.Data.SqlServer\DeepWiki.Data.SqlServer.csproj", "{A09BA904-7621-42EB-978E-3B077B750D8E}"
EndProject
Project("{FAE04EC0-301F-11D3-BF4B-00C04F79EFBC}") = "deepwiki-open-dotnet.AppHost", "src\deepwiki-open-dotnet.AppHost\deepwiki-open-dotnet.AppHost.csproj", "{001706D4-5DCF-40E6-AC60-743D47202C08}"
EndProject
Project("{FAE04EC0-301F-11D3-BF4B-00C04F79EFBC}") = "deepwiki-open-dotnet.Web", "src\deepwiki-open-dotnet.Web\deepwiki-open-dotnet.Web.csproj", "{2AAD232A-53DD-4930-9274-5B5E52C698BD}"
EndProject
Project("{2150E333-8FDC-42A3-9474-1A3956D46DE8}") = "tests", "tests", "{0AB3BF05-4346-4AA6-1389-037BE0695223}"
EndProject
Project("{FAE04EC0-301F-11D3-BF4B-00C04F79EFBC}") = "DeepWiki.Data.Abstractions.Tests", "tests\DeepWiki.Data.Abstractions.Tests\DeepWiki.Data.Abstractions.Tests.csproj", "{7E635F18-FF19-4DA0-A284-EEF5AD0281D2}"
EndProject
Project("{FAE04EC0-301F-11D3-BF4B-00C04F79EFBC}") = "DeepWiki.Data.Tests", "tests\DeepWiki.Data.Tests\DeepWiki.Data.Tests.csproj", "{31FC5658-EA01-4217-8938-FF719DCC2912}"
EndProject
Project("{FAE04EC0-301F-11D3-BF4B-00C04F79EFBC}") = "DeepWiki.Rag.Core.Tests", "tests\DeepWiki.Rag.Core.Tests\DeepWiki.Rag.Core.Tests.csproj", "{4867C5A3-BB5B-4BA4-9DB3-68F88565CCCE}"
EndProject
Project("{FAE04EC0-301F-11D3-BF4B-00C04F79EFBC}") = "DeepWiki.Data.SqlServer.Tests", "tests\DeepWiki.Data.SqlServer.Tests\DeepWiki.Data.SqlServer.Tests.csproj", "{6C3B312B-3E47-4D68-8E19-5284DF2EBA4A}"
EndProject
Project("{FAE04EC0-301F-11D3-BF4B-00C04F79EFBC}") = "deepwiki-open-dotnet.Tests", "tests\deepwiki-open-dotnet.Tests\deepwiki-open-dotnet.Tests.csproj", "{709801B9-F449-442B-954B-F5BFED68EBF0}"
EndProject
Project("{FAE04EC0-301F-11D3-BF4B-00C04F79EFBC}") = "DeepWiki.Data.Postgres.Tests", "tests\DeepWiki.Data.Postgres.Tests\DeepWiki.Data.Postgres.Tests.csproj", "{689E1DDC-43A5-4DD5-83C7-A0D518FDCC98}"
EndProject
Project("{2150E333-8FDC-42A3-9474-1A3956D46DE8}") = "tools", "tools", "{07C2787E-EAC7-C090-1BA3-A61EC2A24D84}"
EndProject
Project("{FAE04EC0-301F-11D3-BF4B-00C04F79EFBC}") = "EmbeddingFixtureGenerator", "tools\EmbeddingFixtureGenerator\EmbeddingFixtureGenerator.csproj", "{D026F821-E9E8-425F-BB8F-E77518EA53FC}"
EndProject
Global
	GlobalSection(SolutionConfigurationPlatforms) = preSolution
		Debug|Any CPU = Debug|Any CPU
		Debug|x64 = Debug|x64
		Debug|x86 = Debug|x86
		Release|Any CPU = Release|Any CPU
		Release|x64 = Release|x64
		Release|x86 = Release|x86
	EndGlobalSection
	GlobalSection(ProjectConfigurationPlatforms) = postSolution
		{11B402F3-22A1-41CF-9C49-C6E6CF892960}.Debug|Any CPU.ActiveCfg = Debug|Any CPU
		{11B402F3-22A1-41CF-9C49-C6E6CF892960}.Debug|Any CPU.Build.0 = Debug|Any CPU
		{11B402F3-22A1-41CF-9C49-C6E6CF892960}.Debug|x64.ActiveCfg = Debug|Any CPU
		{11B402F3-22A1-41CF-9C49-C6E6CF892960}.Debug|x64.Build.0 = Debug|Any CPU
		{11B402F3-22A1-41CF-9C49-C6E6CF892960}.Debug|x86.ActiveCfg = Debug|Any CPU
		{11B402F3-22A1-41CF-9C49-C6E6CF892960}.Debug|x86.Build.0 = Debug|Any CPU
		{11B402F3-22A1-41CF-9C49-C6E6CF892960}.Release|Any CPU.ActiveCfg = Release|Any CPU
		{11B402F3-22A1-41CF-9C49-C6E6CF892960}.Release|Any CPU.Build.0 = Release|Any CPU
		{11B402F3-22A1-41CF-9C49-C6E6CF892960}.Release|x64.ActiveCfg = Release|Any CPU
		{11B402F3-22A1-41CF-9C49-C6E6CF892960}.Release|x64.Build.0 = Release|Any CPU
		{11B402F3-22A1-41CF-9C49-C6E6CF892960}.Release|x86.ActiveCfg = Release|Any CPU
		{11B402F3-22A1-41CF-9C49-C6E6CF892960}.Release|x86.Build.0 = Release|Any CPU
		{907AF0AF-F1B7-4DBE-8D86-B3061E576887}.Debug|Any CPU.ActiveCfg = Debug|Any CPU
		{907AF0AF-F1B7-4DBE-8D86-B3061E576887}.Debug|Any CPU.Build.0 = Debug|Any CPU
		{907AF0AF-F1B7-4DBE-8D86-B3061E576887}.Debug|x64.ActiveCfg = Debug|Any CPU
		{907AF0AF-F1B7-4DBE-8D86-B3061E576887}.Debug|x64.Build.0 = Debug|Any CPU
		{907AF0AF-F1B7-4DBE-8D86-B3061E576887}.Debug|x86.ActiveCfg = Debug|Any CPU
		{907AF0AF-F1B7-4DBE-8D86-B3061E576887}.Debug|x86.Build.0 = Debug|Any CPU
		{907AF0AF-F1B7-4DBE-8D86-B3061E576887}.Release|Any CPU.ActiveCfg = Release|Any CPU
		{907AF0AF-F1B7-4DBE-8D86-B3061E576887}.Release|Any CPU.Build.0 = Release|Any CPU
		{907AF0AF-F1B7-4DBE-8D86-B3061E576887}.Release|x64.ActiveCfg = Release|Any CPU
		{907AF0AF-F1B7-4DBE-8D86-B3061E576887}.Release|x64.Build.0 = Release|Any CPU
		{907AF0AF-F1B7-4DBE-8D86-B3061E576887}.Release|x86.ActiveCfg = Release|Any CPU
		{907AF0AF-F1B7-4DBE-8D86-B3061E576887}.Release|x86.Build.0 = Release|Any CPU
		{E165B03F-26C7-4408-9F1C-9D4248CE13AC}.Debug|Any CPU.ActiveCfg = Debug|Any CPU
		{E165B03F-26C7-4408-9F1C-9D4248CE13AC}.Debug|Any CPU.Build.0 = Debug|Any CPU
		{E165B03F-26C7-4408-9F1C-9D4248CE13AC}.Debug|x64.ActiveCfg = Debug|Any CPU
		{E165B03F-26C7-4408-9F1C-9D4248CE13AC}.Debug|x64.Build.0 = Debug|Any CPU
		{E165B03F-26C7-4408-9F1C-9D4248CE13AC}.Debug|x86.ActiveCfg = Debug|Any CPU
		{E165B03F-26C7-4408-9F1C-9D4248CE13AC}.Debug|x86.Build.0 = Debug|Any CPU
		{E165B03F-26C7-4408-9F1C-9D4248CE13AC}.Release|Any CPU.ActiveCfg = Release|Any CPU
		{E165B03F-26C7-4408-9F1C-9D4248CE13AC}.Release|Any CPU.Build.0 = Release|Any CPU
		{E165B03F-26C7-4408-9F1C-9D4248CE13AC}.Release|x64.ActiveCfg = Release|Any CPU
		{E165B03F-26C7-4408-9F1C-9D4248CE13AC}.Release|x64.Build.0 = Release|Any CPU
		{E165B03F-26C7-4408-9F1C-9D4248CE13AC}.Release|x86.ActiveCfg = Release|Any CPU
		{E165B03F-26C7-4408-9F1C-9D4248CE13AC}.Release|x86.Build.0 = Release|Any CPU
		{FABAED25-0B7E-4BD6-B9F0-B28710C557F1}.Debug|Any CPU.ActiveCfg = Debug|Any CPU
		{FABAED25-0B7E-4BD6-B9F0-B28710C557F1}.Debug|Any CPU.Build.0 = Debug|Any CPU
		{FABAED25-0B7E-4BD6-B9F0-B28710C557F1}.Debug|x64.ActiveCfg = Debug|Any CPU
		{FABAED25-0B7E-4BD6-B9F0-B28710C557F1}.Debug|x64.Build.0 = Debug|Any CPU
		{FABAED25-0B7E-4BD6-B9F0-B28710C557F1}.Debug|x86.ActiveCfg = Debug|Any CPU
		{FABAED25-0B7E-4BD6-B9F0-B28710C557F1}.Debug|x86.Build.0 = Debug|Any CPU
		{FABAED25-0B7E-4BD6-B9F0-B28710C557F1}.Release|Any CPU.ActiveCfg = Release|Any CPU
		{FABAED25-0B7E-4BD6-B9F0-B28710C557F1}.Release|Any CPU.Build.0 = Release|Any CPU
		{FABAED25-0B7E-4BD6-B9F0-B28710C557F1}.Release|x64.ActiveCfg = Release|Any CPU
		{FABAED25-0B7E-4BD6-B9F0-B28710C557F1}.Release|x64.Build.0 = Release|Any CPU
		{FABAED25-0B7E-4BD6-B9F0-B28710C557F1}.Release|x86.ActiveCfg = Release|Any CPU
		{FABAED25-0B7E-4BD6-B9F0-B28710C557F1}.Release|x86.Build.0 = Release|Any CPU
		{37469660-FDE9-4D05-A81B-148197038356}.Debug|Any CPU.ActiveCfg = Debug|Any CPU
		{37469660-FDE9-4D05-A81B-148197038356}.Debug|Any CPU.Build.0 = Debug|Any CPU
		{37469660-FDE9-4D05-A81B-148197038356}.Debug|x64.ActiveCfg = Debug|Any CPU
		{37469660-FDE9-4D05-A81B-148197038356}.Debug|x64.Build.0 = Debug|Any CPU
		{37469660-FDE9-4D05-A81B-148197038356}.Debug|x86.ActiveCfg = Debug|Any CPU
		{37469660-FDE9-4D05-A81B-148197038356}.Debug|x86.Build.0 = Debug|Any CPU
		{37469660-FDE9-4D05-A81B-148197038356}.Release|Any CPU.ActiveCfg = Release|Any CPU
		{37469660-FDE9-4D05-A81B-148197038356}.Release|Any CPU.Build.0 = Release|Any CPU
		{37469660-FDE9-4D05-A81B-148197038356}.Release|x64.ActiveCfg = Release|Any CPU
		{37469660-FDE9-4D05-A81B-148197038356}.Release|x64.Build.0 = Release|Any CPU
		{37469660-FDE9-4D05-A81B-148197038356}.Release|x86.ActiveCfg = Release|Any CPU
		{37469660-FDE9-4D05-A81B-148197038356}.Release|x86.Build.0 = Release|Any CPU
		{767E4323-DB68-4343-9F0C-407BAFDD7B8C}.Debug|Any CPU.ActiveCfg = Debug|Any CPU
		{767E4323-DB68-4343-9F0C-407BAFDD7B8C}.Debug|Any CPU.Build.0 = Debug|Any CPU
		{767E4323-DB68-4343-9F0C-407BAFDD7B8C}.Debug|x64.ActiveCfg = Debug|Any CPU
		{767E4323-DB68-4343-9F0C-407BAFDD7B8C}.Debug|x64.Build.0 = Debug|Any CPU
		{767E4323-DB68-4343-9F0C-407BAFDD7B8C}.Debug|x86.ActiveCfg = Debug|Any CPU
		{767E4323-DB68-4343-9F0C-407BAFDD7B8C}.Debug|x86.Build.0 = Debug|Any CPU
		{767E4323-DB68-4343-9F0C-407BAFDD7B8C}.Release|Any CPU.ActiveCfg = Release|Any CPU
		{767E4323-DB68-4343-9F0C-407BAFDD7B8C}.Release|Any CPU.Build.0 = Release|Any CPU
		{767E4323-DB68-4343-9F0C-407BAFDD7B8C}.Release|x64.ActiveCfg = Release|Any CPU
		{767E4323-DB68-4343-9F0C-407BAFDD7B8C}.Release|x64.Build.0 = Release|Any CPU
		{767E4323-DB68-4343-9F0C-407BAFDD7B8C}.Release|x86.ActiveCfg = Release|Any CPU
		{767E4323-DB68-4343-9F0C-407BAFDD7B8C}.Release|x86.Build.0 = Release|Any CPU
		{A09BA904-7621-42EB-978E-3B077B750D8E}.Debug|Any CPU.ActiveCfg = Debug|Any CPU
		{A09BA904-7621-42EB-978E-3B077B750D8E}.Debug|Any CPU.Build.0 = Debug|Any CPU
		{A09BA904-7621-42EB-978E-3B077B750D8E}.Debug|x64.ActiveCfg = Debug|Any CPU
		{A09BA904-7621-42EB-978E-3B077B750D8E}.Debug|x64.Build.0 = Debug|Any CPU
		{A09BA904-7621-42EB-978E-3B077B750D8E}.Debug|x86.ActiveCfg = Debug|Any CPU
		{A09BA904-7621-42EB-978E-3B077B750D8E}.Debug|x86.Build.0 = Debug|Any CPU
		{A09BA904-7621-42EB-978E-3B077B750D8E}.Release|Any CPU.ActiveCfg = Release|Any CPU
		{A09BA904-7621-42EB-978E-3B077B750D8E}.Release|Any CPU.Build.0 = Release|Any CPU
		{A09BA904-7621-42EB-978E-3B077B750D8E}.Release|x64.ActiveCfg = Release|Any CPU
		{A09BA904-7621-42EB-978E-3B077B750D8E}.Release|x64.Build.0 = Release|Any CPU
		{A09BA904-7621-42EB-978E-3B077B750D8E}.Release|x86.ActiveCfg = Release|Any CPU
		{A09BA904-7621-42EB-978E-3B077B750D8E}.Release|x86.Build.0 = Release|Any CPU
		{001706D4-5DCF-40E6-AC60-743D47202C08}.Debug|Any CPU.ActiveCfg = Debug|Any CPU
		{001706D4-5DCF-40E6-AC60-743D47202C08}.Debug|Any CPU.Build.0 = Debug|Any CPU
		{001706D4-5DCF-40E6-AC60-743D47202C08}.Debug|x64.ActiveCfg = Debug|Any CPU
		{001706D4-5DCF-40E6-AC60-743D47202C08}.Debug|x64.Build.0 = Debug|Any CPU
		{001706D4-5DCF-40E6-AC60-743D47202C08}.Debug|x86.ActiveCfg = Debug|Any CPU
		{001706D4-5DCF-40E6-AC60-743D47202C08}.Debug|x86.Build.0 = Debug|Any CPU
		{001706D4-5DCF-40E6-AC60-743D47202C08}.Release|Any CPU.ActiveCfg = Release|Any CPU
		{001706D4-5DCF-40E6-AC60-743D47202C08}.Release|Any CPU.Build.0 = Release|Any CPU
		{001706D4-5DCF-40E6-AC60-743D47202C08}.Release|x64.ActiveCfg = Release|Any CPU
		{001706D4-5DCF-40E6-AC60-743D47202C08}.Release|x64.Build.0 = Release|Any CPU
		{001706D4-5DCF-40E6-AC60-743D47202C08}.Release|x86.ActiveCfg = Release|Any CPU
		{001706D4-5DCF-40E6-AC60-743D47202C08}.Release|x86.Build.0 = Release|Any CPU
		{2AAD232A-53DD-4930-9274-5B5E52C698BD}.Debug|Any CPU.ActiveCfg = Debug|Any CPU
		{2AAD232A-53DD-4930-9274-5B5E52C698BD}.Debug|Any CPU.Build.0 = Debug|Any CPU
		{2AAD232A-53DD-4930-9274-5B5E52C698BD}.Debug|x64.ActiveCfg = Debug|Any CPU
		{2AAD232A-53DD-4930-9274-5B5E52C698BD}.Debug|x64.Build.0 = Debug|Any CPU
		{2AAD232A-53DD-4930-9274-5B5E52C698BD}.Debug|x86.ActiveCfg = Debug|Any CPU
		{2AAD232A-53DD-4930-9274-5B5E52C698BD}.Debug|x86.Build.0 = Debug|Any CPU
		{2AAD232A-53DD-4930-9274-5B5E52C698BD}.Release|Any CPU.ActiveCfg = Release|Any CPU
		{2AAD232A-53DD-4930-9274-5B5E52C698BD}.Release|Any CPU.Build.0 = Release|Any CPU
		{2AAD232A-53DD-4930-9274-5B5E52C698BD}.Release|x64.ActiveCfg = Release|Any CPU
		{2AAD232A-53DD-4930-9274-5B5E52C698BD}.Release|x64.Build.0 = Release|Any CPU
		{2AAD232A-53DD-4930-9274-5B5E52C698BD}.Release|x86.ActiveCfg = Release|Any CPU
		{2AAD232A-53DD-4930-9274-5B5E52C698BD}.Release|x86.Build.0 = Release|Any CPU
		{7E635F18-FF19-4DA0-A284-EEF5AD0281D2}.Debug|Any CPU.ActiveCfg = Debug|Any CPU
		{7E635F18-FF19-4DA0-A284-EEF5AD0281D2}.Debug|Any CPU.Build.0 = Debug|Any CPU
		{7E635F18-FF19-4DA0-A284-EEF5AD0281D2}.Debug|x64.ActiveCfg = Debug|Any CPU
		{7E635F18-FF19-4DA0-A284-EEF5AD0281D2}.Debug|x64.Build.0 = Debug|Any CPU
		{7E635F18-FF19-4DA0-A284-EEF5AD0281D2}.Debug|x86.ActiveCfg = Debug|Any CPU
		{7E635F18-FF19-4DA0-A284-EEF5AD0281D2}.Debug|x86.Build.0 = Debug|Any CPU
		{7E635F18-FF19-4DA0-A284-EEF5AD0281D2}.Release|Any CPU.ActiveCfg = Release|Any CPU
		{7E635F18-FF19-4DA0-A284-EEF5AD0281D2}.Release|Any CPU.Build.0 = Release|Any CPU
		{7E635F18-FF19-4DA0-A284-EEF5AD0281D2}.Release|x64.ActiveCfg = Release|Any CPU
		{7E635F18-FF19-4DA0-A284-EEF5AD0281D2}.Release|x64.Build.0 = Release|Any CPU
		{7E635F18-FF19-4DA0-A284-EEF5AD0281D2}.Release|x86.ActiveCfg = Release|Any CPU
		{7E635F18-FF19-4DA0-A284-EEF5AD0281D2}.Release|x86.Build.0 = Release|Any CPU
		{31FC5658-EA01-4217-8938-FF719DCC2912}.Debug|Any CPU.ActiveCfg = Debug|Any CPU
		{31FC5658-EA01-4217-8938-FF719DCC2912}.Debug|Any CPU.Build.0 = Debug|Any CPU
		{31FC5658-EA01-4217-8938-FF719DCC2912}.Debug|x64.ActiveCfg = Debug|Any CPU
		{31FC5658-EA01-4217-8938-FF719DCC2912}.Debug|x64.Build.0 = Debug|Any CPU
		{31FC5658-EA01-4217-8938-FF719DCC2912}.Debug|x86.ActiveCfg = Debug|Any CPU
		{31FC5658-EA01-4217-8938-FF719DCC2912}.Debug|x86.Build.0 = Debug|Any CPU
		{31FC5658-EA01-4217-8938-FF719DCC2912}.Release|Any CPU.ActiveCfg = Release|Any CPU
		{31FC5658-EA01-4217-8938-FF719DCC2912}.Release|Any CPU.Build.0 = Release|Any CPU
		{31FC5658-EA01-4217-8938-FF719DCC2912}.Release|x64.ActiveCfg = Release|Any CPU
		{31FC5658-EA01-4217-8938-FF719DCC2912}.Release|x64.Build.0 = Release|Any CPU
		{31FC5658-EA01-4217-8938-FF719DCC2912}.Release|x86.ActiveCfg = Release|Any CPU
		{31FC5658-EA01-4217-8938-FF719DCC2912}.Release|x86.Build.0 = Release|Any CPU
		{4867C5A3-BB5B-4BA4-9DB3-68F88565CCCE}.Debug|Any CPU.ActiveCfg = Debug|Any CPU
		{4867C5A3-BB5B-4BA4-9DB3-68F88565CCCE}.Debug|Any CPU.Build.0 = Debug|Any CPU
		{4867C5A3-BB5B-4BA4-9DB3-68F88565CCCE}.Debug|x64.ActiveCfg = Debug|Any CPU
		{4867C5A3-BB5B-4BA4-9DB3-68F88565CCCE}.Debug|x64.Build.0 = Debug|Any CPU
		{4867C5A3-BB5B-4BA4-9DB3-68F88565CCCE}.Debug|x86.ActiveCfg = Debug|Any CPU
		{4867C5A3-BB5B-4BA4-9DB3-68F88565CCCE}.Debug|x86.Build.0 = Debug|Any CPU
		{4867C5A3-BB5B-4BA4-9DB3-68F88565CCCE}.Release|Any CPU.ActiveCfg = Release|Any CPU
		{4867C5A3-BB5B-4BA4-9DB3-68F88565CCCE}.Release|Any CPU.Build.0 = Release|Any CPU
		{4867C5A3-BB5B-4BA4-9DB3-68F88565CCCE}.Release|x64.ActiveCfg = Release|Any CPU
		{4867C5A3-BB5B-4BA4-9DB3-68F88565CCCE}.Release|x64.Build.0 = Release|Any CPU
		{4867C5A3-BB5B-4BA4-9DB3-68F88565CCCE}.Release|x86.ActiveCfg = Release|Any CPU
		{4867C5A3-BB5B-4BA4-9DB3-68F88565CCCE}.Release|x86.Build.0 = Release|Any CPU
		{6C3B312B-3E47-4D68-8E19-5284DF2EBA4A}.Debug|Any CPU.ActiveCfg = Debug|Any CPU
		{6C3B312B-3E47-4D68-8E19-5284DF2EBA4A}.Debug|Any CPU.Build.0 = Debug|Any CPU
		{6C3B312B-3E47-4D68-8E19-5284DF2EBA4A}.Debug|x64.ActiveCfg = Debug|Any CPU
		{6C3B312B-3E47-4D68-8E19-5284DF2EBA4A}.Debug|x64.Build.0 = Debug|Any CPU
		{6C3B312B-3E47-4D68-8E19-5284DF2EBA4A}.Debug|x86.ActiveCfg = Debug|Any CPU
		{6C3B312B-3E47-4D68-8E19-5284DF2EBA4A}.Debug|x86.Build.0 = Debug|Any CPU
		{6C3B312B-3E47-4D68-8E19-5284DF2EBA4A}.Release|Any CPU.ActiveCfg = Release|Any CPU
		{6C3B312B-3E47-4D68-8E19-5284DF2EBA4A}.Release|Any CPU.Build.0 = Release|Any CPU
		{6C3B312B-3E47-4D68-8E19-5284DF2EBA4A}.Release|x64.ActiveCfg = Release|Any CPU
		{6C3B312B-3E47-4D68-8E19-5284DF2EBA4A}.Release|x64.Build.0 = Release|Any CPU
		{6C3B312B-3E47-4D68-8E19-5284DF2EBA4A}.Release|x86.ActiveCfg = Release|Any CPU
		{6C3B312B-3E47-4D68-8E19-5284DF2EBA4A}.Release|x86.Build.0 = Release|Any CPU
		{709801B9-F449-442B-954B-F5BFED68EBF0}.Debug|Any CPU.ActiveCfg = Debug|Any CPU
		{709801B9-F449-442B-954B-F5BFED68EBF0}.Debug|Any CPU.Build.0 = Debug|Any CPU
		{709801B9-F449-442B-954B-F5BFED68EBF0}.Debug|x64.ActiveCfg = Debug|Any CPU
		{709801B9-F449-442B-954B-F5BFED68EBF0}.Debug|x64.Build.0 = Debug|Any CPU
		{709801B9-F449-442B-954B-F5BFED68EBF0}.Debug|x86.ActiveCfg = Debug|Any CPU
		{709801B9-F449-442B-954B-F5BFED68EBF0}.Debug|x86.Build.0 = Debug|Any CPU
		{709801B9-F449-442B-954B-F5BFED68EBF0}.Release|Any CPU.ActiveCfg = Release|Any CPU
		{709801B9-F449-442B-954B-F5BFED68EBF0}.Release|Any CPU.Build.0 = Release|Any CPU
		{709801B9-F449-442B-954B-F5BFED68EBF0}.Release|x64.ActiveCfg = Release|Any CPU
		{709801B9-F449-442B-954B-F5BFED68EBF0}.Release|x64.Build.0 = Release|Any CPU
		{709801B9-F449-442B-954B-F5BFED68EBF0}.Release|x86.ActiveCfg = Release|Any CPU
		{709801B9-F449-442B-954B-F5BFED68EBF0}.Release|x86.Build.0 = Release|Any CPU
		{689E1DDC-43A5-4DD5-83C7-A0D518FDCC98}.Debug|Any CPU.ActiveCfg = Debug|Any CPU
		{689E1DDC-43A5-4DD5-83C7-A0D518FDCC98}.Debug|Any CPU.Build.0 = Debug|Any CPU
		{689E1DDC-43A5-4DD5-83C7-A0D518FDCC98}.Debug|x64.ActiveCfg = Debug|Any CPU
		{689E1DDC-43A5-4DD5-83C7-A0D518FDCC98}.Debug|x64.Build.0 = Debug|Any CPU
		{689E1DDC-43A5-4DD5-83C7-A0D518FDCC98}.Debug|x86.ActiveCfg = Debug|Any CPU
		{689E1DDC-43A5-4DD5-83C7-A0D518FDCC98}.Debug|x86.Build.0 = Debug|Any CPU
		{689E1DDC-43A5-4DD5-83C7-A0D518FDCC98}.Release|Any CPU.ActiveCfg = Release|Any CPU
		{689E1DDC-43A5-4DD5-83C7-A0D518FDCC98}.Release|Any CPU.Build.0 = Release|Any CPU
		{689E1DDC-43A5-4DD5-83C7-A0D518FDCC98}.Release|x64.ActiveCfg = Release|Any CPU
		{689E1DDC-43A5-4DD5-83C7-A0D518FDCC98}.Release|x64.Build.0 = Release|Any CPU
		{689E1DDC-43A5-4DD5-83C7-A0D518FDCC98}.Release|x86.ActiveCfg = Release|Any CPU
		{689E1DDC-43A5-4DD5-83C7-A0D518FDCC98}.Release|x86.Build.0 = Release|Any CPU
		{D026F821-E9E8-425F-BB8F-E77518EA53FC}.Debug|Any CPU.ActiveCfg = Debug|Any CPU
		{D026F821-E9E8-425F-BB8F-E77518EA53FC}.Debug|Any CPU.Build.0 = Debug|Any CPU
		{D026F821-E9E8-425F-BB8F-E77518EA53FC}.Debug|x64.ActiveCfg = Debug|Any CPU
		{D026F821-E9E8-425F-BB8F-E77518EA53FC}.Debug|x64.Build.0 = Debug|Any CPU
		{D026F821-E9E8-425F-BB8F-E77518EA53FC}.Debug|x86.ActiveCfg = Debug|Any CPU
		{D026F821-E9E8-425F-BB8F-E77518EA53FC}.Debug|x86.Build.0 = Debug|Any CPU
		{D026F821-E9E8-425F-BB8F-E77518EA53FC}.Release|Any CPU.ActiveCfg = Release|Any CPU
		{D026F821-E9E8-425F-BB8F-E77518EA53FC}.Release|Any CPU.Build.0 = Release|Any CPU
		{D026F821-E9E8-425F-BB8F-E77518EA53FC}.Release|x64.ActiveCfg = Release|Any CPU
		{D026F821-E9E8-425F-BB8F-E77518EA53FC}.Release|x64.Build.0 = Release|Any CPU
		{D026F821-E9E8-425F-BB8F-E77518EA53FC}.Release|x86.ActiveCfg = Release|Any CPU
		{D026F821-E9E8-425F-BB8F-E77518EA53FC}.Release|x86.Build.0 = Release|Any CPU
	EndGlobalSection
	GlobalSection(SolutionProperties) = preSolution
		HideSolutionNode = FALSE
	EndGlobalSection
	GlobalSection(NestedProjects) = preSolution
		{11B402F3-22A1-41CF-9C49-C6E6CF892960} = {827E0CD3-B72D-47B6-A68D-7590B98EB39B}
		{907AF0AF-F1B7-4DBE-8D86-B3061E576887} = {827E0CD3-B72D-47B6-A68D-7590B98EB39B}
		{E165B03F-26C7-4408-9F1C-9D4248CE13AC} = {827E0CD3-B72D-47B6-A68D-7590B98EB39B}
		{FABAED25-0B7E-4BD6-B9F0-B28710C557F1} = {827E0CD3-B72D-47B6-A68D-7590B98EB39B}
		{37469660-FDE9-4D05-A81B-148197038356} = {827E0CD3-B72D-47B6-A68D-7590B98EB39B}
		{767E4323-DB68-4343-9F0C-407BAFDD7B8C} = {827E0CD3-B72D-47B6-A68D-7590B98EB39B}
		{A09BA904-7621-42EB-978E-3B077B750D8E} = {827E0CD3-B72D-47B6-A68D-7590B98EB39B}
		{001706D4-5DCF-40E6-AC60-743D47202C08} = {827E0CD3-B72D-47B6-A68D-7590B98EB39B}
		{2AAD232A-53DD-4930-9274-5B5E52C698BD} = {827E0CD3-B72D-47B6-A68D-7590B98EB39B}
		{7E635F18-FF19-4DA0-A284-EEF5AD0281D2} = {0AB3BF05-4346-4AA6-1389-037BE0695223}
		{31FC5658-EA01-4217-8938-FF719DCC2912} = {0AB3BF05-4346-4AA6-1389-037BE0695223}
		{4867C5A3-BB5B-4BA4-9DB3-68F88565CCCE} = {0AB3BF05-4346-4AA6-1389-037BE0695223}
		{6C3B312B-3E47-4D68-8E19-5284DF2EBA4A} = {0AB3BF05-4346-4AA6-1389-037BE0695223}
		{709801B9-F449-442B-954B-F5BFED68EBF0} = {0AB3BF05-4346-4AA6-1389-037BE0695223}
		{689E1DDC-43A5-4DD5-83C7-A0D518FDCC98} = {0AB3BF05-4346-4AA6-1389-037BE0695223}
		{D026F821-E9E8-425F-BB8F-E77518EA53FC} = {07C2787E-EAC7-C090-1BA3-A61EC2A24D84}
	EndGlobalSection
EndGlobal
